{
  "requires": true,
  "lockfileVersion": 1,
  "dependencies": {
    "argparse": {
      "version": "0.1.16",
      "resolved": "https://registry.npmjs.org/argparse/-/argparse-0.1.16.tgz",
      "integrity": "sha1-z9AeD7uj1srtBJ+9dY1A9lGW9Xw=",
      "requires": {
        "underscore": "~1.7.0",
        "underscore.string": "~2.4.0"
      }
    },
    "js-yaml": {
      "version": "1.0.3",
      "resolved": "https://registry.npmjs.org/js-yaml/-/js-yaml-1.0.3.tgz",
      "integrity": "sha1-7GGXYP/IrlAcPWJnPYdOK58HQio=",
      "requires": {
        "argparse": "~ 0.1.3"
      }
    },
    "jsml": {
      "version": "0.0.1",
      "resolved": "https://registry.npmjs.org/jsml/-/jsml-0.0.1.tgz",
      "integrity": "sha1-tgpnR4sLvIy/iSrUIrQeG8Kfxrk="
    },
    "props": {
      "version": "0.3.0",
      "resolved": "https://registry.npmjs.org/props/-/props-0.3.0.tgz",
      "integrity": "sha1-mLpnBl+0puNSU47UCnMHD92r0PY=",
      "requires": {
        "js-yaml": ">=0.3.5 <1.1.0",
        "jsml": "<0.1.0"
      }
    },
    "underscore": {
      "version": "1.7.0",
      "resolved": "https://registry.npmjs.org/underscore/-/underscore-1.7.0.tgz",
      "integrity": "sha1-a7rwh3UA02vjTsqlhODbn+8DUgk="
    },
    "underscore.string": {
      "version": "2.4.0",
      "resolved": "https://registry.npmjs.org/underscore.string/-/underscore.string-2.4.0.tgz",
      "integrity": "sha1-jN2PusTi0uoefi6Al8QvRCKA+Fs="
    }
  }
}
